
Microsoft Visual Studio Solution File, Format Version 12.00
# Visual Studio 14
VisualStudioVersion = 14.0.25420.1
MinimumVisualStudioVersion = 10.0.40219.1
Project("{FAE04EC0-301F-11D3-BF4B-00C04F79EFBC}") = "BELONGS POINT TO TRIANGLE 2D", "AMC\BELONGS POINT TO TRIANGLE 2D.csproj", "{DD7F6156-48ED-4F80-B337-6FAB1AEAC83F}"
EndProject
Project("{FAE04EC0-301F-11D3-BF4B-00C04F79EFBC}") = "GCD", "GCD\GCD.csproj", "{E8ACC828-2226-4A3B-ABFD-3EF8BB3AD6A5}"
EndProject
Project("{FAE04EC0-301F-11D3-BF4B-00C04F79EFBC}") = "DUPLICATE ELEMENTS OF SEQUENCE", "DUPLICATE ELEMENTS OF SEQUENCE\DUPLICATE ELEMENTS OF SEQUENCE.csproj", "{588EE63F-0500-4F54-9533-DF66147BEC83}"
EndProject
Project("{FAE04EC0-301F-11D3-BF4B-00C04F79EFBC}") = "WITHOUT BREAKING THE SORTING", "WITHOUT BREAKING THE SORTING\WITHOUT BREAKING THE SORTING.csproj", "{4D3A70AA-EB04-4E2E-BFEB-DB5383B36677}"
EndProject
Project("{FAE04EC0-301F-11D3-BF4B-00C04F79EFBC}") = "LONGEST INCREASING SUBARRAY", "LONGEST INCREASING SUBARRAY\LONGEST INCREASING SUBARRAY.csproj", "{3571B672-D50E-4C16-A59B-C62BEA3C4291}"
EndProject
Global
	GlobalSection(SolutionConfigurationPlatforms) = preSolution
		Debug|Any CPU = Debug|Any CPU
		Release|Any CPU = Release|Any CPU
	EndGlobalSection
	GlobalSection(ProjectConfigurationPlatforms) = postSolution
		{DD7F6156-48ED-4F80-B337-6FAB1AEAC83F}.Debug|Any CPU.ActiveCfg = Debug|Any CPU
		{DD7F6156-48ED-4F80-B337-6FAB1AEAC83F}.Debug|Any CPU.Build.0 = Debug|Any CPU
		{DD7F6156-48ED-4F80-B337-6FAB1AEAC83F}.Release|Any CPU.ActiveCfg = Release|Any CPU
		{DD7F6156-48ED-4F80-B337-6FAB1AEAC83F}.Release|Any CPU.Build.0 = Release|Any CPU
		{E8ACC828-2226-4A3B-ABFD-3EF8BB3AD6A5}.Debug|Any CPU.ActiveCfg = Debug|Any CPU
		{E8ACC828-2226-4A3B-ABFD-3EF8BB3AD6A5}.Debug|Any CPU.Build.0 = Debug|Any CPU
		{E8ACC828-2226-4A3B-ABFD-3EF8BB3AD6A5}.Release|Any CPU.ActiveCfg = Release|Any CPU
		{E8ACC828-2226-4A3B-ABFD-3EF8BB3AD6A5}.Release|Any CPU.Build.0 = Release|Any CPU
		{588EE63F-0500-4F54-9533-DF66147BEC83}.Debug|Any CPU.ActiveCfg = Debug|Any CPU
		{588EE63F-0500-4F54-9533-DF66147BEC83}.Debug|Any CPU.Build.0 = Debug|Any CPU
		{588EE63F-0500-4F54-9533-DF66147BEC83}.Release|Any CPU.ActiveCfg = Release|Any CPU
		{588EE63F-0500-4F54-9533-DF66147BEC83}.Release|Any CPU.Build.0 = Release|Any CPU
		{4D3A70AA-EB04-4E2E-BFEB-DB5383B36677}.Debug|Any CPU.ActiveCfg = Debug|Any CPU
		{4D3A70AA-EB04-4E2E-BFEB-DB5383B36677}.Debug|Any CPU.Build.0 = Debug|Any CPU
		{4D3A70AA-EB04-4E2E-BFEB-DB5383B36677}.Release|Any CPU.ActiveCfg = Release|Any CPU
		{4D3A70AA-EB04-4E2E-BFEB-DB5383B36677}.Release|Any CPU.Build.0 = Release|Any CPU
		{3571B672-D50E-4C16-A59B-C62BEA3C4291}.Debug|Any CPU.ActiveCfg = Debug|Any CPU
		{3571B672-D50E-4C16-A59B-C62BEA3C4291}.Debug|Any CPU.Build.0 = Debug|Any CPU
		{3571B672-D50E-4C16-A59B-C62BEA3C4291}.Release|Any CPU.ActiveCfg = Release|Any CPU
		{3571B672-D50E-4C16-A59B-C62BEA3C4291}.Release|Any CPU.Build.0 = Release|Any CPU
	EndGlobalSection
	GlobalSection(SolutionProperties) = preSolution
		HideSolutionNode = FALSE
	EndGlobalSection
EndGlobal
